
Microsoft Visual Studio Solution File, Format Version 12.00
# Visual Studio 14
VisualStudioVersion = 14.0.25420.1
MinimumVisualStudioVersion = 10.0.40219.1
Project("{FAE04EC0-301F-11D3-BF4B-00C04F79EFBC}") = "Noname", "Noname\Noname.csproj", "{CEEF87C8-6ED8-4406-8283-49AE92B535CD}"
EndProject
Global
	GlobalSection(SolutionConfigurationPlatforms) = preSolution
		Debug|Any CPU = Debug|Any CPU
		Release|Any CPU = Release|Any CPU
	EndGlobalSection
	GlobalSection(ProjectConfigurationPlatforms) = postSolution
		{CEEF87C8-6ED8-4406-8283-49AE92B535CD}.Debug|Any CPU.ActiveCfg = Debug|Any CPU
		{CEEF87C8-6ED8-4406-8283-49AE92B535CD}.Debug|Any CPU.Build.0 = Debug|Any CPU
		{CEEF87C8-6ED8-4406-8283-49AE92B535CD}.Release|Any CPU.ActiveCfg = Release|Any CPU
		{CEEF87C8-6ED8-4406-8283-49AE92B535CD}.Release|Any CPU.Build.0 = Release|Any CPU
	EndGlobalSection
	GlobalSection(SolutionProperties) = preSolution
		HideSolutionNode = FALSE
	EndGlobalSection
EndGlobal
